
Microsoft Visual Studio Solution File, Format Version 12.00
# Visual Studio Version 17
VisualStudioVersion = 17.1.32421.90
MinimumVisualStudioVersion = 10.0.40219.1
Project("{9A19103F-16F7-4668-BE54-9A1E7A4F7556}") = "App.Api", "App.Api\App.Api.csproj", "{62AC206D-D3A1-46BB-96DC-F56F1878470B}"
EndProject
Global
	GlobalSection(SolutionConfigurationPlatforms) = preSolution
		Debug|Any CPU = Debug|Any CPU
		Release|Any CPU = Release|Any CPU
	EndGlobalSection
	GlobalSection(ProjectConfigurationPlatforms) = postSolution
		{62AC206D-D3A1-46BB-96DC-F56F1878470B}.Debug|Any CPU.ActiveCfg = Debug|Any CPU
		{62AC206D-D3A1-46BB-96DC-F56F1878470B}.Debug|Any CPU.Build.0 = Debug|Any CPU
		{62AC206D-D3A1-46BB-96DC-F56F1878470B}.Release|Any CPU.ActiveCfg = Release|Any CPU
		{62AC206D-D3A1-46BB-96DC-F56F1878470B}.Release|Any CPU.Build.0 = Release|Any CPU
	EndGlobalSection
	GlobalSection(SolutionProperties) = preSolution
		HideSolutionNode = FALSE
	EndGlobalSection
	GlobalSection(ExtensibilityGlobals) = postSolution
		SolutionGuid = {9E77BDF3-FE45-484D-9CC0-92D2C37889D9}
	EndGlobalSection
EndGlobal
