
Microsoft Visual Studio Solution File, Format Version 12.00
# Visual Studio Version 17
VisualStudioVersion = 17.1.32421.90
MinimumVisualStudioVersion = 10.0.40219.1
Project("{FAE04EC0-301F-11D3-BF4B-00C04F79EFBC}") = "RomanToInteger", "RomanToInteger\RomanToInteger.csproj", "{6B9B2ED6-0C17-413D-A079-FE18C3E461F0}"
EndProject
Global
	GlobalSection(SolutionConfigurationPlatforms) = preSolution
		Debug|Any CPU = Debug|Any CPU
		Release|Any CPU = Release|Any CPU
	EndGlobalSection
	GlobalSection(ProjectConfigurationPlatforms) = postSolution
		{6B9B2ED6-0C17-413D-A079-FE18C3E461F0}.Debug|Any CPU.ActiveCfg = Debug|Any CPU
		{6B9B2ED6-0C17-413D-A079-FE18C3E461F0}.Debug|Any CPU.Build.0 = Debug|Any CPU
		{6B9B2ED6-0C17-413D-A079-FE18C3E461F0}.Release|Any CPU.ActiveCfg = Release|Any CPU
		{6B9B2ED6-0C17-413D-A079-FE18C3E461F0}.Release|Any CPU.Build.0 = Release|Any CPU
	EndGlobalSection
	GlobalSection(SolutionProperties) = preSolution
		HideSolutionNode = FALSE
	EndGlobalSection
	GlobalSection(ExtensibilityGlobals) = postSolution
		SolutionGuid = {19CE7D0F-9FA1-4616-9D36-60C5023748EA}
	EndGlobalSection
EndGlobal
