
Microsoft Visual Studio Solution File, Format Version 12.00
# Visual Studio Version 17
VisualStudioVersion = 17.1.32421.90
MinimumVisualStudioVersion = 10.0.40219.1
Project("{FAE04EC0-301F-11D3-BF4B-00C04F79EFBC}") = "Common.Library", "Common.Library\Common.Library.csproj", "{D59AB96C-5CBF-402E-B066-D40B560E6A8B}"
EndProject
Global
	GlobalSection(SolutionConfigurationPlatforms) = preSolution
		Debug|Any CPU = Debug|Any CPU
		Release|Any CPU = Release|Any CPU
	EndGlobalSection
	GlobalSection(ProjectConfigurationPlatforms) = postSolution
		{D59AB96C-5CBF-402E-B066-D40B560E6A8B}.Debug|Any CPU.ActiveCfg = Debug|Any CPU
		{D59AB96C-5CBF-402E-B066-D40B560E6A8B}.Debug|Any CPU.Build.0 = Debug|Any CPU
		{D59AB96C-5CBF-402E-B066-D40B560E6A8B}.Release|Any CPU.ActiveCfg = Release|Any CPU
		{D59AB96C-5CBF-402E-B066-D40B560E6A8B}.Release|Any CPU.Build.0 = Release|Any CPU
	EndGlobalSection
	GlobalSection(SolutionProperties) = preSolution
		HideSolutionNode = FALSE
	EndGlobalSection
	GlobalSection(ExtensibilityGlobals) = postSolution
		SolutionGuid = {78C8F680-A52F-4768-91E3-8C6AF8B2BEE6}
	EndGlobalSection
EndGlobal
