
Microsoft Visual Studio Solution File, Format Version 12.00
# Visual Studio Version 17
VisualStudioVersion = 17.1.32421.90
MinimumVisualStudioVersion = 10.0.40219.1
Project("{FAE04EC0-301F-11D3-BF4B-00C04F79EFBC}") = "GenericTypes", "GenericTypes\GenericTypes.csproj", "{A36A53B0-0D7E-4B29-8EDF-17E1617BDF62}"
EndProject
Global
	GlobalSection(SolutionConfigurationPlatforms) = preSolution
		Debug|Any CPU = Debug|Any CPU
		Release|Any CPU = Release|Any CPU
	EndGlobalSection
	GlobalSection(ProjectConfigurationPlatforms) = postSolution
		{A36A53B0-0D7E-4B29-8EDF-17E1617BDF62}.Debug|Any CPU.ActiveCfg = Debug|Any CPU
		{A36A53B0-0D7E-4B29-8EDF-17E1617BDF62}.Debug|Any CPU.Build.0 = Debug|Any CPU
		{A36A53B0-0D7E-4B29-8EDF-17E1617BDF62}.Release|Any CPU.ActiveCfg = Release|Any CPU
		{A36A53B0-0D7E-4B29-8EDF-17E1617BDF62}.Release|Any CPU.Build.0 = Release|Any CPU
	EndGlobalSection
	GlobalSection(SolutionProperties) = preSolution
		HideSolutionNode = FALSE
	EndGlobalSection
	GlobalSection(ExtensibilityGlobals) = postSolution
		SolutionGuid = {2407F717-288B-48AF-95D4-4624D3C7D43A}
	EndGlobalSection
EndGlobal
