
Microsoft Visual Studio Solution File, Format Version 12.00
# Visual Studio Version 17
VisualStudioVersion = 17.1.32421.90
MinimumVisualStudioVersion = 10.0.40219.1
Project("{FAE04EC0-301F-11D3-BF4B-00C04F79EFBC}") = "App.DataAccess", "App.DataAccess\App.DataAccess.csproj", "{2C42DB0A-0CE8-4BF9-BD3C-23C3BB5D4DEE}"
EndProject
Global
	GlobalSection(SolutionConfigurationPlatforms) = preSolution
		Debug|Any CPU = Debug|Any CPU
		Release|Any CPU = Release|Any CPU
	EndGlobalSection
	GlobalSection(ProjectConfigurationPlatforms) = postSolution
		{2C42DB0A-0CE8-4BF9-BD3C-23C3BB5D4DEE}.Debug|Any CPU.ActiveCfg = Debug|Any CPU
		{2C42DB0A-0CE8-4BF9-BD3C-23C3BB5D4DEE}.Debug|Any CPU.Build.0 = Debug|Any CPU
		{2C42DB0A-0CE8-4BF9-BD3C-23C3BB5D4DEE}.Release|Any CPU.ActiveCfg = Release|Any CPU
		{2C42DB0A-0CE8-4BF9-BD3C-23C3BB5D4DEE}.Release|Any CPU.Build.0 = Release|Any CPU
	EndGlobalSection
	GlobalSection(SolutionProperties) = preSolution
		HideSolutionNode = FALSE
	EndGlobalSection
	GlobalSection(ExtensibilityGlobals) = postSolution
		SolutionGuid = {5107C7F4-8209-470C-AE42-B3B4A3122CB0}
	EndGlobalSection
EndGlobal
