
Microsoft Visual Studio Solution File, Format Version 12.00
# Visual Studio Version 17
VisualStudioVersion = 17.1.32421.90
MinimumVisualStudioVersion = 10.0.40219.1
Project("{FAE04EC0-301F-11D3-BF4B-00C04F79EFBC}") = "TestEXOModule", "TestEXOModule\TestEXOModule.csproj", "{036F910A-BA80-41D1-BB59-9AF777FBF68E}"
EndProject
Global
	GlobalSection(SolutionConfigurationPlatforms) = preSolution
		Debug|Any CPU = Debug|Any CPU
		Release|Any CPU = Release|Any CPU
	EndGlobalSection
	GlobalSection(ProjectConfigurationPlatforms) = postSolution
		{036F910A-BA80-41D1-BB59-9AF777FBF68E}.Debug|Any CPU.ActiveCfg = Debug|Any CPU
		{036F910A-BA80-41D1-BB59-9AF777FBF68E}.Debug|Any CPU.Build.0 = Debug|Any CPU
		{036F910A-BA80-41D1-BB59-9AF777FBF68E}.Release|Any CPU.ActiveCfg = Release|Any CPU
		{036F910A-BA80-41D1-BB59-9AF777FBF68E}.Release|Any CPU.Build.0 = Release|Any CPU
	EndGlobalSection
	GlobalSection(SolutionProperties) = preSolution
		HideSolutionNode = FALSE
	EndGlobalSection
	GlobalSection(ExtensibilityGlobals) = postSolution
		SolutionGuid = {09EE6308-F406-47A5-8B9A-E47AB6778D03}
	EndGlobalSection
EndGlobal
